
Microsoft Visual Studio Solution File, Format Version 12.00
# Visual Studio 15
VisualStudioVersion = 15.0.26403.7
MinimumVisualStudioVersion = 10.0.40219.1
Project("{FAE04EC0-301F-11D3-BF4B-00C04F79EFBC}") = "DiceRoll", "DiceRoll\DiceRoll.csproj", "{6ACC4F3E-E16A-4D40-9C35-272830AC495A}"
EndProject
Project("{FAE04EC0-301F-11D3-BF4B-00C04F79EFBC}") = "DiceTests", "DiceTests\DiceTests.csproj", "{952F26E4-8D9D-45A1-8E00-C8D178C47FCA}"
EndProject
Global
	GlobalSection(SolutionConfigurationPlatforms) = preSolution
		Debug|Any CPU = Debug|Any CPU
		Release|Any CPU = Release|Any CPU
	EndGlobalSection
	GlobalSection(ProjectConfigurationPlatforms) = postSolution
		{6ACC4F3E-E16A-4D40-9C35-272830AC495A}.Debug|Any CPU.ActiveCfg = Debug|Any CPU
		{6ACC4F3E-E16A-4D40-9C35-272830AC495A}.Debug|Any CPU.Build.0 = Debug|Any CPU
		{6ACC4F3E-E16A-4D40-9C35-272830AC495A}.Release|Any CPU.ActiveCfg = Release|Any CPU
		{6ACC4F3E-E16A-4D40-9C35-272830AC495A}.Release|Any CPU.Build.0 = Release|Any CPU
		{952F26E4-8D9D-45A1-8E00-C8D178C47FCA}.Debug|Any CPU.ActiveCfg = Debug|Any CPU
		{952F26E4-8D9D-45A1-8E00-C8D178C47FCA}.Debug|Any CPU.Build.0 = Debug|Any CPU
		{952F26E4-8D9D-45A1-8E00-C8D178C47FCA}.Release|Any CPU.ActiveCfg = Release|Any CPU
		{952F26E4-8D9D-45A1-8E00-C8D178C47FCA}.Release|Any CPU.Build.0 = Release|Any CPU
	EndGlobalSection
	GlobalSection(SolutionProperties) = preSolution
		HideSolutionNode = FALSE
	EndGlobalSection
EndGlobal
